schema: '2.0'
stages:
  load:
    cmd: python3 src/load_data.py --config params.yaml
    deps:
    - path: params.yaml
      hash: md5
      md5: 74f97f46f340975bc83280729c163c72
      size: 4014
    - path: src/load_data.py
      hash: md5
      md5: f8174b06ae0ec69815d5906218e6ae7a
      size: 4320
    outs:
    - path: data/processed/initial_sales_clean.parquet
      hash: md5
      md5: 02b8fa80e78d776fe6d87a33bed7d9f5
      size: 90755660
  preprocess:
    cmd: python3 src/preprocess.py --config params.yaml
    deps:
    - path: data/processed/initial_sales_clean.parquet
      hash: md5
      md5: 02b8fa80e78d776fe6d87a33bed7d9f5
      size: 90755660
    - path: params.yaml
      hash: md5
      md5: 74f97f46f340975bc83280729c163c72
      size: 4014
    - path: src/preprocess.py
      hash: md5
      md5: d31d887bcd8bdff15136df5f26c5dcaa
      size: 4978
    outs:
    - path: data/processed/daily.parquet
      hash: md5
      md5: 9eee3eefd899ee0c9b29ad8c4957d259
      size: 3004448
  featurize:
    cmd: python3 src/featurize.py --config params.yaml
    deps:
    - path: data/processed/daily.parquet
      hash: md5
      md5: 9eee3eefd899ee0c9b29ad8c4957d259
      size: 3004448
    - path: src/featurize.py
      hash: md5
      md5: bc2d8d338945607fbc18a88d651a3eab
      size: 3535
    params:
      params.yaml:
        data.base_path: data
        data.processed_folder: processed
        featurize:
          future_days_offset: 5
          quincena_days:
          - 28
          - 29
          - 30
          - 31
          - 1
          - 2
          - 13
          - 14
          - 15
          - 16
          recency_fillna_days: 9999
          rolling_windows:
          - 1
          - 3
          - 7
          - 15
          - 30
          output_file: calendar_features.parquet
        preprocess.daily_output_file: daily.parquet
    outs:
    - path: data/processed/calendar_features.parquet
      hash: md5
      md5: 3719e9f961714429d01e465c9b235798
      size: 5981669
  train:
    cmd: python3 src/train.py --config params.yaml
    deps:
    - path: data/processed/calendar_features.parquet
      hash: md5
      md5: 3719e9f961714429d01e465c9b235798
      size: 5981669
    - path: src/train.py
      hash: md5
      md5: 5483dbf2626430817e68946dacd21321
      size: 3299
    params:
      params.yaml:
        base.random_state: 42
        data.base_path: data
        data.processed_folder: processed
        featurize.output_file: calendar_features.parquet
        model:
          model_dir: models
          model_name: model.joblib
          calibrated_model_name: calibrated_model.joblib
        train:
          split_days_validation: 30
          features:
          - dow
          - dom
          - month
          - is_weekend
          - is_quincena
          - days_since_last
          - cnt_1d
          - cnt_3d
          - cnt_7d
          - cnt_15d
          - cnt_30d
          target: purchased
          logistic_regression:
            solver: saga
            max_iter: 100
            tol: 0.001
            C: 0.1
            class_weight: balanced
    outs:
    - path: models/model.joblib
      hash: md5
      md5: 75e8beda0bc97d59907197be1c890a1c
      size: 2161
  evaluate:
    cmd: python3 src/evaluate.py --config params.yaml
    deps:
    - path: data/processed/calendar_features.parquet
      hash: md5
      md5: 3719e9f961714429d01e465c9b235798
      size: 5981669
    - path: models/model.joblib
      hash: md5
      md5: 75e8beda0bc97d59907197be1c890a1c
      size: 2161
    - path: src/evaluate.py
      hash: md5
      md5: 6f0b80626604478dbdee443079510035
      size: 10991
    params:
      params.yaml:
        base.random_state: 42
        data.base_path: data
        data.processed_folder: processed
        evaluate:
          calibration_method: sigmoid
          calibration_bins: 10
          evaluation_threshold: 0.5
          shap_sample_size: 1000
        featurize.output_file: calendar_features.parquet
        model:
          model_dir: models
          model_name: model.joblib
          calibrated_model_name: calibrated_model.joblib
        reports:
          reports_dir: reports
          metrics_file: metrics.json
          base_class_report_file: classification_report_base.txt
          calibrated_class_report_file: classification_report_calibrated.txt
          plots_dir: plots
          calibration_plot: calibration_curve.png
          importance_plot: feature_importance.png
          shap_summary_plot: shap_summary.png
          backtesting_metrics_file: backtesting_metrics.csv
        train:
          split_days_validation: 30
          features:
          - dow
          - dom
          - month
          - is_weekend
          - is_quincena
          - days_since_last
          - cnt_1d
          - cnt_3d
          - cnt_7d
          - cnt_15d
          - cnt_30d
          target: purchased
          logistic_regression:
            solver: saga
            max_iter: 100
            tol: 0.001
            C: 0.1
            class_weight: balanced
    outs:
    - path: models/calibrated_model.joblib
      hash: md5
      md5: e0f834dd9b94a26f6b3768103d0fd466
      size: 3121
    - path: reports/classification_report_base.txt
      hash: md5
      md5: 84661d2c9d52e66318644f0aaa2b09ac
      size: 428
    - path: reports/classification_report_calibrated.txt
      hash: md5
      md5: 62a725efddba1b177a74f3f990d26f29
      size: 439
    - path: reports/metrics.json
      hash: md5
      md5: 8de3dbe86f8c524e159d183347a1de51
      size: 296
    - path: reports/plots/calibration_curve.png
      hash: md5
      md5: 8013ff49fbfafe909242283e8694cb7b
      size: 44758
    - path: reports/plots/feature_importance.png
      hash: md5
      md5: 8e0aac6a3106f20088f847bdf740f6c3
      size: 26861
    - path: reports/plots/shap_summary.png
      hash: md5
      md5: 5e6ecad3170c4e375228510af9fefd38
      size: 32038
  backtest:
    cmd: python3 src/backtest.py --config params.yaml
    deps:
    - path: data/processed/calendar_features.parquet
      hash: md5
      md5: 3719e9f961714429d01e465c9b235798
      size: 5981669
    - path: data/raw/ventas_backtesting_new.csv
      hash: md5
      md5: 80b86e0d0ba1413c286c5671158a3cd8
      size: 215403280
    - path: models/calibrated_model.joblib
      hash: md5
      md5: e0f834dd9b94a26f6b3768103d0fd466
      size: 3121
    - path: src/backtest.py
      hash: md5
      md5: d9a033ebb53bfbce70c8829136a1fb82
      size: 8016
    params:
      params.yaml:
        backtesting:
          backtest_start_date: '2025-04-30'
          backtest_end_date: '2025-05-04'
        data.backtesting_file: ventas_backtesting_new.csv
        data.base_path: data
        data.processed_folder: processed
        data.raw_folder: raw
        evaluate.evaluation_threshold: 0.5
        featurize.output_file: calendar_features.parquet
        model.calibrated_model_name: calibrated_model.joblib
        model.model_dir: models
        reports.backtesting_metrics_file: backtesting_metrics.csv
        reports.reports_dir: reports
        train.features:
        - dow
        - dom
        - month
        - is_weekend
        - is_quincena
        - days_since_last
        - cnt_1d
        - cnt_3d
        - cnt_7d
        - cnt_15d
        - cnt_30d
    outs:
    - path: reports/backtesting_metrics.csv
      hash: md5
      md5: dccc1708ff04808399df34368da2510a
      size: 336
