schema: '2.0'
stages:
  load:
    cmd: uv run python src/load_data.py --config params.yaml
    deps:
    - path: params.yaml
      hash: md5
      md5: c87e1f1761d8570398b1e7acde83a6b3
      size: 6440
    - path: src/load_data.py
      hash: md5
      md5: 21957d242965d0255c93cd63cfea6443
      size: 5055
    outs:
    - path: data/processed/initial_sales_clean.parquet
      hash: md5
      md5: 0348e4c6ccf270cc4b13afb045435477
      size: 85524770
  preprocess:
    cmd: uv run python src/preprocess.py --config params.yaml
    deps:
    - path: data/processed/initial_sales_clean.parquet
      hash: md5
      md5: 0348e4c6ccf270cc4b13afb045435477
      size: 85524770
    - path: params.yaml
      hash: md5
      md5: c87e1f1761d8570398b1e7acde83a6b3
      size: 6440
    - path: src/preprocess.py
      hash: md5
      md5: df34aa6469950d73e108c4d41611631e
      size: 4266
    outs:
    - path: data/processed/daily.parquet
      hash: md5
      md5: 69a60d311149d8b9e9c82e6055c3fac2
      size: 2365580
  featurize:
    cmd: uv run python src/featurize.py --config params.yaml
    deps:
    - path: data/processed/daily.parquet
      hash: md5
      md5: 69a60d311149d8b9e9c82e6055c3fac2
      size: 2365580
    - path: src/featurize.py
      hash: md5
      md5: efda6e6f8bed76e92b18203261b80c6e
      size: 5803
    params:
      params.yaml:
        data.base_path: data
        data.processed_folder: processed
        featurize:
          future_days_offset: 5
          quincena_days:
          - 28
          - 29
          - 30
          - 31
          - 1
          - 2
          - 13
          - 14
          - 15
          - 16
          recency_fillna_days: 365
          rolling_windows:
          - 3
          - 7
          - 30
          monetary_windows:
          - 7
          - 30
          output_file: calendar_features.parquet
        preprocess.daily_output_file: daily.parquet
    outs:
    - path: data/processed/calendar_features.parquet
      hash: md5
      md5: 59829044b90c36c7d8487ae58911b034
      size: 12366295
  train:
    cmd: uv run python src/train.py --config params.yaml
    deps:
    - path: data/processed/calendar_features.parquet
      hash: md5
      md5: 59829044b90c36c7d8487ae58911b034
      size: 12366295
    - path: src/train.py
      hash: md5
      md5: c311ac0f7c77aaa255d198fc78388920
      size: 5537
    params:
      params.yaml:
        base.random_state: 42
        data.base_path: data
        data.processed_folder: processed
        featurize.output_file: calendar_features.parquet
        model:
          model_dir: models
          model_name: model.joblib
          calibrated_model_name: calibrated_model.joblib
        train:
          split_days_validation: 30
          features:
          - dow
          - dom
          - month
          - is_weekend
          - is_quincena
          - days_since_last
          - cnt_3d
          - cnt_7d
          - cnt_30d
          - avg_amount_7d
          - avg_amount_30d
          - avg_skus_7d
          - avg_skus_30d
          target: purchased
          model_type: hist_gradient_boosting
          logistic_regression:
            solver: saga
            max_iter: 100
            tol: 0.001
            C: 1.0
            class_weight: balanced
          hist_gradient_boosting:
            max_iter: 200
            max_depth: 6
            learning_rate: 0.1
            min_samples_leaf: 50
            l2_regularization: 0.1
    outs:
    - path: models/model.joblib
      hash: md5
      md5: d7947f8816640e3727f01ddf05d02b29
      size: 734520
  evaluate:
    cmd: uv run python src/evaluate.py --config params.yaml
    deps:
    - path: data/processed/calendar_features.parquet
      hash: md5
      md5: 59829044b90c36c7d8487ae58911b034
      size: 12366295
    - path: models/model.joblib
      hash: md5
      md5: d7947f8816640e3727f01ddf05d02b29
      size: 734520
    - path: src/evaluate.py
      hash: md5
      md5: 00072f72439f7f229ba74cd5fa62bb71
      size: 14689
    params:
      params.yaml:
        base.random_state: 42
        data.base_path: data
        data.processed_folder: processed
        evaluate:
          calibration_method: sigmoid
          calibration_bins: 10
          evaluation_threshold: 0.5
          shap_sample_size: 1000
        featurize.output_file: calendar_features.parquet
        model:
          model_dir: models
          model_name: model.joblib
          calibrated_model_name: calibrated_model.joblib
        reports:
          reports_dir: reports
          metrics_file: metrics.json
          base_class_report_file: classification_report_base.txt
          calibrated_class_report_file: classification_report_calibrated.txt
          plots_dir: plots
          calibration_plot: calibration_curve.png
          importance_plot: feature_importance.png
          shap_summary_plot: shap_summary.png
          backtesting_metrics_file: backtesting_metrics.csv
        train:
          split_days_validation: 30
          features:
          - dow
          - dom
          - month
          - is_weekend
          - is_quincena
          - days_since_last
          - cnt_3d
          - cnt_7d
          - cnt_30d
          - avg_amount_7d
          - avg_amount_30d
          - avg_skus_7d
          - avg_skus_30d
          target: purchased
          model_type: hist_gradient_boosting
          logistic_regression:
            solver: saga
            max_iter: 100
            tol: 0.001
            C: 1.0
            class_weight: balanced
          hist_gradient_boosting:
            max_iter: 200
            max_depth: 6
            learning_rate: 0.1
            min_samples_leaf: 50
            l2_regularization: 0.1
    outs:
    - path: models/calibrated_model.joblib
      hash: md5
      md5: 4c9c18fe23901c9da8ef1b4e23cb04a1
      size: 735539
    - path: reports/classification_report_base.txt
      hash: md5
      md5: d961d42dc0d685f2519a14f45982f44c
      size: 404
    - path: reports/classification_report_calibrated.txt
      hash: md5
      md5: 79eb012f41b0f14dcbf864b3ce97ea29
      size: 432
    - path: reports/metrics.json
      hash: md5
      md5: 89f8a27a614962a5be45bd13d6379a53
      size: 417
    - path: reports/plots/calibration_curve.png
      hash: md5
      md5: 488b9fcdc5c5d624bf65166c194515df
      size: 44434
    - path: reports/plots/feature_importance.png
      hash: md5
      md5: 843fcf6d5423691ab655a23b50075500
      size: 27304
    - path: reports/plots/shap_summary.png
      hash: md5
      md5: a1060a81d67be35d9fdc6bddef2bf9ad
      size: 10988
  backtest:
    cmd: uv run python src/backtest.py --config params.yaml
    deps:
    - path: data/processed/calendar_features.parquet
      hash: md5
      md5: 59829044b90c36c7d8487ae58911b034
      size: 12366295
    - path: models/calibrated_model.joblib
      hash: md5
      md5: 4c9c18fe23901c9da8ef1b4e23cb04a1
      size: 735539
    - path: src/backtest.py
      hash: md5
      md5: 34746ebd66834047bb62fdfc48e78212
      size: 6472
    params:
      params.yaml:
        backtesting:
          backtest_days: 7
        data.base_path: data
        data.processed_folder: processed
        evaluate.evaluation_threshold: 0.5
        featurize.output_file: calendar_features.parquet
        model.calibrated_model_name: calibrated_model.joblib
        model.model_dir: models
        reports.backtesting_metrics_file: backtesting_metrics.csv
        reports.reports_dir: reports
        train.features:
        - dow
        - dom
        - month
        - is_weekend
        - is_quincena
        - days_since_last
        - cnt_3d
        - cnt_7d
        - cnt_30d
        - avg_amount_7d
        - avg_amount_30d
        - avg_skus_7d
        - avg_skus_30d
    outs:
    - path: reports/backtesting_metrics.csv
      hash: md5
      md5: f8e836a3ff2289f764c3de44dda91298
      size: 455
