schema: '2.0'
stages:
  load:
    cmd: python3 src/load_data.py --config params.yaml
    deps:
    - path: params.yaml
      hash: md5
      md5: d828fbad5ddb3575b6a58c2c974aa131
      size: 6018
    - path: src/load_data.py
      hash: md5
      md5: f8174b06ae0ec69815d5906218e6ae7a
      size: 4320
    outs:
    - path: data/processed/initial_sales_clean.parquet
      hash: md5
      md5: 273b510e432d56557d39d04ca10904ff
      size: 89800829
  preprocess:
    cmd: python3 src/preprocess.py --config params.yaml
    deps:
    - path: data/processed/initial_sales_clean.parquet
      hash: md5
      md5: 273b510e432d56557d39d04ca10904ff
      size: 89800829
    - path: params.yaml
      hash: md5
      md5: d828fbad5ddb3575b6a58c2c974aa131
      size: 6018
    - path: src/preprocess.py
      hash: md5
      md5: 356da84ba060cd119c1134d6c17308eb
      size: 5220
    outs:
    - path: data/processed/daily.parquet
      hash: md5
      md5: f8099ff3d93af93ea37007f1086ea328
      size: 2929099
  featurize:
    cmd: python3 src/featurize.py --config params.yaml
    deps:
    - path: data/processed/daily.parquet
      hash: md5
      md5: f8099ff3d93af93ea37007f1086ea328
      size: 2929099
    - path: src/featurize.py
      hash: md5
      md5: bc2d8d338945607fbc18a88d651a3eab
      size: 3535
    params:
      params.yaml:
        data.base_path: data
        data.processed_folder: processed
        featurize:
          future_days_offset: 5
          quincena_days:
          - 28
          - 29
          - 30
          - 31
          - 1
          - 2
          - 13
          - 14
          - 15
          - 16
          recency_fillna_days: 9999
          rolling_windows:
          - 1
          - 3
          - 7
          - 15
          - 30
          output_file: calendar_features.parquet
        preprocess.daily_output_file: daily.parquet
    outs:
    - path: data/processed/calendar_features.parquet
      hash: md5
      md5: 1c2154139490c6e39cb406ba5178efe6
      size: 5844309
  train:
    cmd: python3 src/train.py --config params.yaml
    deps:
    - path: data/processed/calendar_features.parquet
      hash: md5
      md5: 1c2154139490c6e39cb406ba5178efe6
      size: 5844309
    - path: src/train.py
      hash: md5
      md5: 5483dbf2626430817e68946dacd21321
      size: 3299
    params:
      params.yaml:
        base.random_state: 42
        data.base_path: data
        data.processed_folder: processed
        featurize.output_file: calendar_features.parquet
        model:
          model_dir: models
          model_name: model.joblib
          calibrated_model_name: calibrated_model.joblib
        train:
          split_days_validation: 30
          features:
          - dow
          - dom
          - month
          - is_weekend
          - is_quincena
          - days_since_last
          - cnt_1d
          - cnt_3d
          - cnt_7d
          - cnt_15d
          - cnt_30d
          target: purchased
          logistic_regression:
            solver: saga
            max_iter: 100
            tol: 0.001
            C: 0.1
            class_weight: balanced
    outs:
    - path: models/model.joblib
      hash: md5
      md5: f1a8e8c02b9d8919a84ab040b2bb17d5
      size: 2161
  evaluate:
    cmd: python3 src/evaluate.py --config params.yaml
    deps:
    - path: data/processed/calendar_features.parquet
      hash: md5
      md5: 1c2154139490c6e39cb406ba5178efe6
      size: 5844309
    - path: models/model.joblib
      hash: md5
      md5: f1a8e8c02b9d8919a84ab040b2bb17d5
      size: 2161
    - path: src/evaluate.py
      hash: md5
      md5: 6f0b80626604478dbdee443079510035
      size: 10991
    params:
      params.yaml:
        base.random_state: 42
        data.base_path: data
        data.processed_folder: processed
        evaluate:
          calibration_method: sigmoid
          calibration_bins: 10
          evaluation_threshold: 0.5
          shap_sample_size: 1000
        featurize.output_file: calendar_features.parquet
        model:
          model_dir: models
          model_name: model.joblib
          calibrated_model_name: calibrated_model.joblib
        reports:
          reports_dir: reports
          metrics_file: metrics.json
          base_class_report_file: classification_report_base.txt
          calibrated_class_report_file: classification_report_calibrated.txt
          plots_dir: plots
          calibration_plot: calibration_curve.png
          importance_plot: feature_importance.png
          shap_summary_plot: shap_summary.png
          backtesting_metrics_file: backtesting_metrics.csv
        train:
          split_days_validation: 30
          features:
          - dow
          - dom
          - month
          - is_weekend
          - is_quincena
          - days_since_last
          - cnt_1d
          - cnt_3d
          - cnt_7d
          - cnt_15d
          - cnt_30d
          target: purchased
          logistic_regression:
            solver: saga
            max_iter: 100
            tol: 0.001
            C: 0.1
            class_weight: balanced
    outs:
    - path: models/calibrated_model.joblib
      hash: md5
      md5: 56b54cc5d968d18980416fb10c137525
      size: 3121
    - path: reports/classification_report_base.txt
      hash: md5
      md5: b283dfef5e315b278853c876e7d9eaaa
      size: 428
    - path: reports/classification_report_calibrated.txt
      hash: md5
      md5: eac605dbdad24bcf04d1d111c693b13b
      size: 439
    - path: reports/metrics.json
      hash: md5
      md5: 9d5804628812dafdb2319d9d9b13dd93
      size: 297
    - path: reports/plots/calibration_curve.png
      hash: md5
      md5: f3a76820a532f0957a303ad9e1a7cd14
      size: 49053
    - path: reports/plots/feature_importance.png
      hash: md5
      md5: 4cf54f079b41fae66b0381ef53fb1aff
      size: 31092
    - path: reports/plots/shap_summary.png
      hash: md5
      md5: 5da473ab5813d56de9d96882e56f2a53
      size: 38408
  backtest:
    cmd: python3 src/backtest.py --config params.yaml
    deps:
    - path: data/processed/calendar_features.parquet
      hash: md5
      md5: 1c2154139490c6e39cb406ba5178efe6
      size: 5844309
    - path: models/calibrated_model.joblib
      hash: md5
      md5: 56b54cc5d968d18980416fb10c137525
      size: 3121
    - path: src/backtest.py
      hash: md5
      md5: cda243b914eef55208888df73dd414fa
      size: 6920
    params:
      params.yaml:
        backtesting:
          backtest_start_date: '2025-05-14'
          backtest_end_date: '2025-05-16'
        data.backtesting_file: ventas_backtesting_new.csv
        data.base_path: data
        data.processed_folder: processed
        data.raw_folder: raw
        evaluate.evaluation_threshold: 0.5
        featurize.output_file: calendar_features.parquet
        model.calibrated_model_name: calibrated_model.joblib
        model.model_dir: models
        reports.backtesting_metrics_file: backtesting_metrics.csv
        reports.reports_dir: reports
        train.features:
        - dow
        - dom
        - month
        - is_weekend
        - is_quincena
        - days_since_last
        - cnt_1d
        - cnt_3d
        - cnt_7d
        - cnt_15d
        - cnt_30d
    outs:
    - path: reports/backtesting_metrics.csv
      hash: md5
      md5: df58cf1e7f4201dbfe2208d62a92c2fc
      size: 243
